
Microsoft Visual Studio Solution File, Format Version 12.00
# Visual Studio Version 17
VisualStudioVersion = 17.2.32505.173
MinimumVisualStudioVersion = 10.0.40219.1
Project("{FAE04EC0-301F-11D3-BF4B-00C04F79EFBC}") = "BookWayApi", "BookWayApi\BookWayApi.csproj", "{CC513940-1BBD-4E90-9B87-56E8239A3812}"
EndProject
Global
	GlobalSection(SolutionConfigurationPlatforms) = preSolution
		Debug|Any CPU = Debug|Any CPU
		Release|Any CPU = Release|Any CPU
	EndGlobalSection
	GlobalSection(ProjectConfigurationPlatforms) = postSolution
		{CC513940-1BBD-4E90-9B87-56E8239A3812}.Debug|Any CPU.ActiveCfg = Debug|Any CPU
		{CC513940-1BBD-4E90-9B87-56E8239A3812}.Debug|Any CPU.Build.0 = Debug|Any CPU
		{CC513940-1BBD-4E90-9B87-56E8239A3812}.Release|Any CPU.ActiveCfg = Release|Any CPU
		{CC513940-1BBD-4E90-9B87-56E8239A3812}.Release|Any CPU.Build.0 = Release|Any CPU
	EndGlobalSection
	GlobalSection(SolutionProperties) = preSolution
		HideSolutionNode = FALSE
	EndGlobalSection
	GlobalSection(ExtensibilityGlobals) = postSolution
		SolutionGuid = {7F04C8A6-4EB4-4AAA-AC7F-FA87C452EA52}
	EndGlobalSection
EndGlobal
